{
  "name": "ng1withts",
  "version": "1.0.0",
  "lockfileVersion": 1,
  "requires": true,
  "dependencies": {
    "@types/angular": {
      "version": "1.6.39",
      "resolved": "https://registry.npmjs.org/@types/angular/-/angular-1.6.39.tgz",
      "integrity": "sha512-fRj26foAwYbjOwnGSpIaY05+jRxZevHWwzcSrQIsJgh5Xrosbu4fX99+obJH4YFFS8+EkYRwsSpf2vpVddSNVw=="
    },
    "@types/node": {
      "version": "8.0.56",
      "resolved": "https://registry.npmjs.org/@types/node/-/node-8.0.56.tgz",
      "integrity": "sha512-JAlQv3hUWbrnruuTiLDf1scd4F/TBT0LgGEe+BBeF3p/Rc3yL6RV57WJN2nK5i+BshEz1sDllwH0Fzbuo7G4QA==",
      "dev": true
    },
    "angular": {
      "version": "1.6.7",
      "resolved": "https://registry.npmjs.org/angular/-/angular-1.6.7.tgz",
      "integrity": "sha1-D4mDfa4XdrAcyx+iCW2w2Tc9mJc="
    }
  }
}
